
Microsoft Visual Studio Solution File, Format Version 12.00
# Visual Studio Version 17
VisualStudioVersion = 17.5.002.0
MinimumVisualStudioVersion = 10.0.40219.1
Project("{9A19103F-16F7-4668-BE54-9A1E7A4F7556}") = "Service.Host", "Service.Host.csproj", "{446310C9-19B4-4263-BB58-0FC2C13B25FD}"
EndProject
Global
	GlobalSection(SolutionConfigurationPlatforms) = preSolution
		Debug|Any CPU = Debug|Any CPU
		Release|Any CPU = Release|Any CPU
	EndGlobalSection
	GlobalSection(ProjectConfigurationPlatforms) = postSolution
		{446310C9-19B4-4263-BB58-0FC2C13B25FD}.Debug|Any CPU.ActiveCfg = Debug|Any CPU
		{446310C9-19B4-4263-BB58-0FC2C13B25FD}.Debug|Any CPU.Build.0 = Debug|Any CPU
		{446310C9-19B4-4263-BB58-0FC2C13B25FD}.Release|Any CPU.ActiveCfg = Release|Any CPU
		{446310C9-19B4-4263-BB58-0FC2C13B25FD}.Release|Any CPU.Build.0 = Release|Any CPU
	EndGlobalSection
	GlobalSection(SolutionProperties) = preSolution
		HideSolutionNode = FALSE
	EndGlobalSection
	GlobalSection(ExtensibilityGlobals) = postSolution
		SolutionGuid = {A0E41E94-F729-4D99-9D32-878EDFFC5553}
	EndGlobalSection
EndGlobal
