
Microsoft Visual Studio Solution File, Format Version 12.00
# Visual Studio Version 17
VisualStudioVersion = 17.5.002.0
MinimumVisualStudioVersion = 10.0.40219.1
Project("{9A19103F-16F7-4668-BE54-9A1E7A4F7556}") = "Service.Host", "Service.Host.csproj", "{97B882DE-3191-40C3-8E18-96F36C53F4D0}"
EndProject
Global
	GlobalSection(SolutionConfigurationPlatforms) = preSolution
		Debug|Any CPU = Debug|Any CPU
		Release|Any CPU = Release|Any CPU
	EndGlobalSection
	GlobalSection(ProjectConfigurationPlatforms) = postSolution
		{97B882DE-3191-40C3-8E18-96F36C53F4D0}.Debug|Any CPU.ActiveCfg = Debug|Any CPU
		{97B882DE-3191-40C3-8E18-96F36C53F4D0}.Debug|Any CPU.Build.0 = Debug|Any CPU
		{97B882DE-3191-40C3-8E18-96F36C53F4D0}.Release|Any CPU.ActiveCfg = Release|Any CPU
		{97B882DE-3191-40C3-8E18-96F36C53F4D0}.Release|Any CPU.Build.0 = Release|Any CPU
	EndGlobalSection
	GlobalSection(SolutionProperties) = preSolution
		HideSolutionNode = FALSE
	EndGlobalSection
	GlobalSection(ExtensibilityGlobals) = postSolution
		SolutionGuid = {9ABD8649-1423-40E1-B4EB-A706459D35B7}
	EndGlobalSection
EndGlobal
